
Microsoft Visual Studio Solution File, Format Version 12.00
# Visual Studio Version 17
VisualStudioVersion = 17.5.002.0
MinimumVisualStudioVersion = 10.0.40219.1
Project("{9A19103F-16F7-4668-BE54-9A1E7A4F7556}") = "JukeBox", "JukeBox.csproj", "{07742C35-540B-4AB6-A277-3F3BEB939460}"
EndProject
Global
	GlobalSection(SolutionConfigurationPlatforms) = preSolution
		Debug|Any CPU = Debug|Any CPU
		Release|Any CPU = Release|Any CPU
	EndGlobalSection
	GlobalSection(ProjectConfigurationPlatforms) = postSolution
		{07742C35-540B-4AB6-A277-3F3BEB939460}.Debug|Any CPU.ActiveCfg = Debug|Any CPU
		{07742C35-540B-4AB6-A277-3F3BEB939460}.Debug|Any CPU.Build.0 = Debug|Any CPU
		{07742C35-540B-4AB6-A277-3F3BEB939460}.Release|Any CPU.ActiveCfg = Release|Any CPU
		{07742C35-540B-4AB6-A277-3F3BEB939460}.Release|Any CPU.Build.0 = Release|Any CPU
	EndGlobalSection
	GlobalSection(SolutionProperties) = preSolution
		HideSolutionNode = FALSE
	EndGlobalSection
	GlobalSection(ExtensibilityGlobals) = postSolution
		SolutionGuid = {F9DBEE8C-2BB1-449F-856A-9C40C2CCFCBD}
	EndGlobalSection
EndGlobal
